# @generated - this file is auto-generated by `mise lock` https://mise.en.dev/dev-tools/mise-lock.html

[[tools."aqua:casey/just"]]
version = "1.48.1"
backend = "aqua:casey/just"

[tools."aqua:casey/just"."platforms.linux-arm64"]
checksum = "sha256:3308721b991cf88cf2b9bbb3b31ac40550ec61a0c9b6fc011564e25e87964030"
url = "https://github.com/casey/just/releases/download/1.48.1/just-1.48.1-aarch64-unknown-linux-musl.tar.gz"

[tools."aqua:casey/just"."platforms.linux-arm64-musl"]
checksum = "sha256:3308721b991cf88cf2b9bbb3b31ac40550ec61a0c9b6fc011564e25e87964030"
url = "https://github.com/casey/just/releases/download/1.48.1/just-1.48.1-aarch64-unknown-linux-musl.tar.gz"

[tools."aqua:casey/just"."platforms.linux-x64"]
checksum = "sha256:9293e553ce401d1b524bf4e104918f72f268e3f9c6827e0055fe98d84a1b2522"
url = "https://github.com/casey/just/releases/download/1.48.1/just-1.48.1-x86_64-unknown-linux-musl.tar.gz"

[tools."aqua:casey/just"."platforms.linux-x64-musl"]
checksum = "sha256:9293e553ce401d1b524bf4e104918f72f268e3f9c6827e0055fe98d84a1b2522"
url = "https://github.com/casey/just/releases/download/1.48.1/just-1.48.1-x86_64-unknown-linux-musl.tar.gz"

[tools."aqua:casey/just"."platforms.macos-arm64"]
checksum = "sha256:03a73339ff55bcf7411a3c940cdcb0a726d98134b87203c83a9008575434e2a8"
url = "https://github.com/casey/just/releases/download/1.48.1/just-1.48.1-aarch64-apple-darwin.tar.gz"

[tools."aqua:casey/just"."platforms.macos-x64"]
checksum = "sha256:4c3e9c880b8fc93d7fc24abfde3c36b0cc59f6e9f8b31f7175095700f64125a7"
url = "https://github.com/casey/just/releases/download/1.48.1/just-1.48.1-x86_64-apple-darwin.tar.gz"

[tools."aqua:casey/just"."platforms.windows-x64"]
checksum = "sha256:368cd9ca827cba04d9e6fc00f7ad840773c4605b6f64b9f87bdb00325d351029"
url = "https://github.com/casey/just/releases/download/1.48.1/just-1.48.1-x86_64-pc-windows-msvc.zip"

[[tools."aqua:charmbracelet/gum"]]
version = "0.17.0"
backend = "aqua:charmbracelet/gum"

[tools."aqua:charmbracelet/gum"."platforms.linux-arm64"]
checksum = "sha256:b0b9ed95cbf7c8b7073f17b9591811f5c001e33c7cfd066ca83ce8a07c576f9c"
url = "https://github.com/charmbracelet/gum/releases/download/v0.17.0/gum_0.17.0_Linux_arm64.tar.gz"

[tools."aqua:charmbracelet/gum"."platforms.linux-arm64-musl"]
checksum = "sha256:b0b9ed95cbf7c8b7073f17b9591811f5c001e33c7cfd066ca83ce8a07c576f9c"
url = "https://github.com/charmbracelet/gum/releases/download/v0.17.0/gum_0.17.0_Linux_arm64.tar.gz"

[tools."aqua:charmbracelet/gum"."platforms.linux-x64"]
checksum = "sha256:69ee169bd6387331928864e94d47ed01ef649fbfe875baed1bbf27b5377a6fdb"
url = "https://github.com/charmbracelet/gum/releases/download/v0.17.0/gum_0.17.0_Linux_x86_64.tar.gz"

[tools."aqua:charmbracelet/gum"."platforms.linux-x64-musl"]
checksum = "sha256:69ee169bd6387331928864e94d47ed01ef649fbfe875baed1bbf27b5377a6fdb"
url = "https://github.com/charmbracelet/gum/releases/download/v0.17.0/gum_0.17.0_Linux_x86_64.tar.gz"

[tools."aqua:charmbracelet/gum"."platforms.macos-arm64"]
checksum = "sha256:e2a4b8596efa05821d8c58d0c1afbcd7ad1699ba69c689cc3ff23a4a99c8b237"
url = "https://github.com/charmbracelet/gum/releases/download/v0.17.0/gum_0.17.0_Darwin_arm64.tar.gz"

[tools."aqua:charmbracelet/gum"."platforms.macos-x64"]
checksum = "sha256:cd66576aeebe6cd19c771863c7e8d696e0e1d5387d1e7075666baa67c2052e53"
url = "https://github.com/charmbracelet/gum/releases/download/v0.17.0/gum_0.17.0_Darwin_x86_64.tar.gz"

[tools."aqua:charmbracelet/gum"."platforms.windows-x64"]
checksum = "sha256:b2be80531c6babc8d4e0e6ca95773d58118a2e1582ae006aace08dbc55503072"
url = "https://github.com/charmbracelet/gum/releases/download/v0.17.0/gum_0.17.0_Windows_x86_64.zip"

[[tools."aqua:evilmartians/lefthook"]]
version = "2.1.8"
backend = "aqua:evilmartians/lefthook"

[tools."aqua:evilmartians/lefthook"."platforms.linux-arm64"]
checksum = "sha256:2c0af40eb3209917733f72329abc2e91e51aa5fab85475ec515978c852c4d470"
url = "https://github.com/evilmartians/lefthook/releases/download/v2.1.8/lefthook_2.1.8_Linux_aarch64.gz"
provenance = "github-attestations"

[tools."aqua:evilmartians/lefthook"."platforms.linux-arm64-musl"]
checksum = "sha256:2c0af40eb3209917733f72329abc2e91e51aa5fab85475ec515978c852c4d470"
url = "https://github.com/evilmartians/lefthook/releases/download/v2.1.8/lefthook_2.1.8_Linux_aarch64.gz"
provenance = "github-attestations"

[tools."aqua:evilmartians/lefthook"."platforms.linux-x64"]
checksum = "sha256:15420bb2ce30ba5b71e242542b28f06447630011af924a3324ff63a0fee32f8c"
url = "https://github.com/evilmartians/lefthook/releases/download/v2.1.8/lefthook_2.1.8_Linux_x86_64.gz"
provenance = "github-attestations"

[tools."aqua:evilmartians/lefthook"."platforms.linux-x64-musl"]
checksum = "sha256:15420bb2ce30ba5b71e242542b28f06447630011af924a3324ff63a0fee32f8c"
url = "https://github.com/evilmartians/lefthook/releases/download/v2.1.8/lefthook_2.1.8_Linux_x86_64.gz"
provenance = "github-attestations"

[tools."aqua:evilmartians/lefthook"."platforms.macos-arm64"]
checksum = "sha256:911d530d68ba1495beb32009bf895e296208a556a030d254e8d5641823ba7a25"
url = "https://github.com/evilmartians/lefthook/releases/download/v2.1.8/lefthook_2.1.8_MacOS_arm64.gz"
provenance = "github-attestations"

[tools."aqua:evilmartians/lefthook"."platforms.macos-x64"]
checksum = "sha256:5d95768cf7383e21e5320dc1b351671fca009bc44800ec2366f824f5540d354f"
url = "https://github.com/evilmartians/lefthook/releases/download/v2.1.8/lefthook_2.1.8_MacOS_x86_64.gz"
provenance = "github-attestations"

[tools."aqua:evilmartians/lefthook"."platforms.windows-x64"]
checksum = "sha256:13cab0ebb26b89c66bbf53a658c4126bf34202a857412690bb61c14c530b1ecf"
url = "https://github.com/evilmartians/lefthook/releases/download/v2.1.8/lefthook_2.1.8_Windows_x86_64.gz"
provenance = "github-attestations"

[[tools."aqua:fluxcd/flux2"]]
version = "2.8.5"
backend = "aqua:fluxcd/flux2"

[tools."aqua:fluxcd/flux2"."platforms.linux-arm64"]
checksum = "sha256:24fd29c68294f09eebf0c673f898f5e4798030ccda17f46821ff161a11c8aa5a"
url = "https://github.com/fluxcd/flux2/releases/download/v2.8.5/flux_2.8.5_linux_arm64.tar.gz"

[tools."aqua:fluxcd/flux2"."platforms.linux-arm64".provenance.slsa]
url = "https://github.com/fluxcd/flux2/releases/download/v2.8.5/provenance.intoto.jsonl"

[tools."aqua:fluxcd/flux2"."platforms.linux-arm64-musl"]
checksum = "sha256:24fd29c68294f09eebf0c673f898f5e4798030ccda17f46821ff161a11c8aa5a"
url = "https://github.com/fluxcd/flux2/releases/download/v2.8.5/flux_2.8.5_linux_arm64.tar.gz"

[tools."aqua:fluxcd/flux2"."platforms.linux-arm64-musl".provenance.slsa]
url = "https://github.com/fluxcd/flux2/releases/download/v2.8.5/provenance.intoto.jsonl"

[tools."aqua:fluxcd/flux2"."platforms.linux-x64"]
checksum = "sha256:63c178ba938a5443265b2ce02691c005acf4ef6188d4dbb9b9d87333558948c4"
url = "https://github.com/fluxcd/flux2/releases/download/v2.8.5/flux_2.8.5_linux_amd64.tar.gz"

[tools."aqua:fluxcd/flux2"."platforms.linux-x64".provenance.slsa]
url = "https://github.com/fluxcd/flux2/releases/download/v2.8.5/provenance.intoto.jsonl"

[tools."aqua:fluxcd/flux2"."platforms.linux-x64-musl"]
checksum = "sha256:63c178ba938a5443265b2ce02691c005acf4ef6188d4dbb9b9d87333558948c4"
url = "https://github.com/fluxcd/flux2/releases/download/v2.8.5/flux_2.8.5_linux_amd64.tar.gz"

[tools."aqua:fluxcd/flux2"."platforms.linux-x64-musl".provenance.slsa]
url = "https://github.com/fluxcd/flux2/releases/download/v2.8.5/provenance.intoto.jsonl"

[tools."aqua:fluxcd/flux2"."platforms.macos-arm64"]
checksum = "sha256:de5f796c7e836bc07a8bdf227c0ccde74e3938270603d527ddf17e62d0275d44"
url = "https://github.com/fluxcd/flux2/releases/download/v2.8.5/flux_2.8.5_darwin_arm64.tar.gz"

[tools."aqua:fluxcd/flux2"."platforms.macos-arm64".provenance.slsa]
url = "https://github.com/fluxcd/flux2/releases/download/v2.8.5/provenance.intoto.jsonl"

[tools."aqua:fluxcd/flux2"."platforms.macos-x64"]
checksum = "sha256:6182cb9d6f28d17022f51a0bf2b1dff7a41d3fbd1d3505c242a84ee0fb7808f0"
url = "https://github.com/fluxcd/flux2/releases/download/v2.8.5/flux_2.8.5_darwin_amd64.tar.gz"

[tools."aqua:fluxcd/flux2"."platforms.macos-x64".provenance.slsa]
url = "https://github.com/fluxcd/flux2/releases/download/v2.8.5/provenance.intoto.jsonl"

[tools."aqua:fluxcd/flux2"."platforms.windows-x64"]
checksum = "sha256:c047cef654c9c6439d324ceb947ccaff1b96928f604a9f19ce498b892212f900"
url = "https://github.com/fluxcd/flux2/releases/download/v2.8.5/flux_2.8.5_windows_amd64.zip"

[tools."aqua:fluxcd/flux2"."platforms.windows-x64".provenance.slsa]
url = "https://github.com/fluxcd/flux2/releases/download/v2.8.5/provenance.intoto.jsonl"

[[tools."aqua:helm/helm"]]
version = "4.2.0"
backend = "aqua:helm/helm"

[tools."aqua:helm/helm"."platforms.linux-arm64"]
checksum = "sha256:1f8de130dfbd04de64978e7b852a7a547be1404956a366608276d2520b678670"
url = "https://get.helm.sh/helm-v4.2.0-linux-arm64.tar.gz"

[tools."aqua:helm/helm"."platforms.linux-arm64-musl"]
checksum = "sha256:1f8de130dfbd04de64978e7b852a7a547be1404956a366608276d2520b678670"
url = "https://get.helm.sh/helm-v4.2.0-linux-arm64.tar.gz"

[tools."aqua:helm/helm"."platforms.linux-x64"]
checksum = "sha256:97dbeb971be4ac4b27e3839976d9564c0fb35c6f3b1da89dd1e292d236af4096"
url = "https://get.helm.sh/helm-v4.2.0-linux-amd64.tar.gz"

[tools."aqua:helm/helm"."platforms.linux-x64-musl"]
checksum = "sha256:97dbeb971be4ac4b27e3839976d9564c0fb35c6f3b1da89dd1e292d236af4096"
url = "https://get.helm.sh/helm-v4.2.0-linux-amd64.tar.gz"

[tools."aqua:helm/helm"."platforms.macos-arm64"]
checksum = "sha256:f13f959015447b6bc309f9fd506509926543988a39035c088b52522ec95e2acb"
url = "https://get.helm.sh/helm-v4.2.0-darwin-arm64.tar.gz"

[tools."aqua:helm/helm"."platforms.macos-x64"]
checksum = "sha256:1376ea697140e4db316736e760d5a47d12afc1524dce704476ef06fd7fdeddc6"
url = "https://get.helm.sh/helm-v4.2.0-darwin-amd64.tar.gz"

[tools."aqua:helm/helm"."platforms.windows-x64"]
checksum = "sha256:34bf9659f8f04f3841a60131183b8e2acc44e260db4c93b889ff09718cacca6f"
url = "https://get.helm.sh/helm-v4.2.0-windows-amd64.tar.gz"

[[tools."aqua:helmfile/helmfile"]]
version = "1.4.4"
backend = "aqua:helmfile/helmfile"

[tools."aqua:helmfile/helmfile"."platforms.linux-arm64"]
checksum = "sha256:9ed46e06d7ec19bf1fb78f6e2995214112be9e10934a20576a52df5f4bfa6da2"
url = "https://github.com/helmfile/helmfile/releases/download/v1.4.4/helmfile_1.4.4_linux_arm64.tar.gz"

[tools."aqua:helmfile/helmfile"."platforms.linux-arm64-musl"]
checksum = "sha256:9ed46e06d7ec19bf1fb78f6e2995214112be9e10934a20576a52df5f4bfa6da2"
url = "https://github.com/helmfile/helmfile/releases/download/v1.4.4/helmfile_1.4.4_linux_arm64.tar.gz"

[tools."aqua:helmfile/helmfile"."platforms.linux-x64"]
checksum = "sha256:3c35a7d7f65e900fa770cc27c119b1f48d458cd5755b4103e679ba5eb029ec91"
url = "https://github.com/helmfile/helmfile/releases/download/v1.4.4/helmfile_1.4.4_linux_amd64.tar.gz"

[tools."aqua:helmfile/helmfile"."platforms.linux-x64-musl"]
checksum = "sha256:3c35a7d7f65e900fa770cc27c119b1f48d458cd5755b4103e679ba5eb029ec91"
url = "https://github.com/helmfile/helmfile/releases/download/v1.4.4/helmfile_1.4.4_linux_amd64.tar.gz"

[tools."aqua:helmfile/helmfile"."platforms.macos-arm64"]
checksum = "sha256:439ba4ee4cd40e20fc97918ccf610321827453c659cae944f5e8784a400aa58e"
url = "https://github.com/helmfile/helmfile/releases/download/v1.4.4/helmfile_1.4.4_darwin_arm64.tar.gz"

[tools."aqua:helmfile/helmfile"."platforms.macos-x64"]
checksum = "sha256:701191fda8a74df2007e564ab3fe7b79b773c52cb2c4741e29fc7e137b625516"
url = "https://github.com/helmfile/helmfile/releases/download/v1.4.4/helmfile_1.4.4_darwin_amd64.tar.gz"

[tools."aqua:helmfile/helmfile"."platforms.windows-x64"]
checksum = "sha256:0a588639dd10381018886f7f5ba569fb44e19e289d8e2297693264bd90d9babf"
url = "https://github.com/helmfile/helmfile/releases/download/v1.4.4/helmfile_1.4.4_windows_amd64.tar.gz"

[[tools."aqua:helmfile/vals"]]
version = "0.44.0"
backend = "aqua:helmfile/vals"

[tools."aqua:helmfile/vals"."platforms.linux-arm64"]
checksum = "sha256:18d55294e92452f61cf6fcf6cca53bb51a66d8b860696666f44635964b3e5e40"
url = "https://github.com/helmfile/vals/releases/download/v0.44.0/vals_0.44.0_linux_arm64.tar.gz"

[tools."aqua:helmfile/vals"."platforms.linux-arm64-musl"]
checksum = "sha256:18d55294e92452f61cf6fcf6cca53bb51a66d8b860696666f44635964b3e5e40"
url = "https://github.com/helmfile/vals/releases/download/v0.44.0/vals_0.44.0_linux_arm64.tar.gz"

[tools."aqua:helmfile/vals"."platforms.linux-x64"]
checksum = "sha256:728e9195fa2170e1e5c7ed7ca0e2e41fe1e910507a812f23fb579c68d6ef3678"
url = "https://github.com/helmfile/vals/releases/download/v0.44.0/vals_0.44.0_linux_amd64.tar.gz"

[tools."aqua:helmfile/vals"."platforms.linux-x64-musl"]
checksum = "sha256:728e9195fa2170e1e5c7ed7ca0e2e41fe1e910507a812f23fb579c68d6ef3678"
url = "https://github.com/helmfile/vals/releases/download/v0.44.0/vals_0.44.0_linux_amd64.tar.gz"

[tools."aqua:helmfile/vals"."platforms.macos-arm64"]
checksum = "sha256:2d9b995d2b6325c7a6a1e124937293eec0dc56fd4a5bab785c69c2e48b52393e"
url = "https://github.com/helmfile/vals/releases/download/v0.44.0/vals_0.44.0_darwin_arm64.tar.gz"

[tools."aqua:helmfile/vals"."platforms.macos-x64"]
checksum = "sha256:4446a3762ae20eb8bab0c5a6691aaaf7c947d900d604f77581fd72bbe9d74cab"
url = "https://github.com/helmfile/vals/releases/download/v0.44.0/vals_0.44.0_darwin_amd64.tar.gz"

[tools."aqua:helmfile/vals"."platforms.windows-x64"]
checksum = "sha256:bf2a0d2f9d7393d58951a355eac845b8e82215cdb423ad16621adf1ecad2d6a0"
url = "https://github.com/helmfile/vals/releases/download/v0.44.0/vals_0.44.0_windows_amd64.tar.gz"

[[tools."aqua:jqlang/jq"]]
version = "1.8.1"
backend = "aqua:jqlang/jq"

[tools."aqua:jqlang/jq"."platforms.linux-arm64"]
checksum = "sha256:6bc62f25981328edd3cfcfe6fe51b073f2d7e7710d7ef7fcdac28d4e384fc3d4"
url = "https://github.com/jqlang/jq/releases/download/jq-1.8.1/jq-linux-arm64"
provenance = "github-attestations"

[tools."aqua:jqlang/jq"."platforms.linux-arm64-musl"]
checksum = "sha256:6bc62f25981328edd3cfcfe6fe51b073f2d7e7710d7ef7fcdac28d4e384fc3d4"
url = "https://github.com/jqlang/jq/releases/download/jq-1.8.1/jq-linux-arm64"
provenance = "github-attestations"

[tools."aqua:jqlang/jq"."platforms.linux-x64"]
checksum = "sha256:020468de7539ce70ef1bceaf7cde2e8c4f2ca6c3afb84642aabc5c97d9fc2a0d"
url = "https://github.com/jqlang/jq/releases/download/jq-1.8.1/jq-linux-amd64"
provenance = "github-attestations"

[tools."aqua:jqlang/jq"."platforms.linux-x64-musl"]
checksum = "sha256:020468de7539ce70ef1bceaf7cde2e8c4f2ca6c3afb84642aabc5c97d9fc2a0d"
url = "https://github.com/jqlang/jq/releases/download/jq-1.8.1/jq-linux-amd64"
provenance = "github-attestations"

[tools."aqua:jqlang/jq"."platforms.macos-arm64"]
checksum = "sha256:a9fe3ea2f86dfc72f6728417521ec9067b343277152b114f4e98d8cb0e263603"
url = "https://github.com/jqlang/jq/releases/download/jq-1.8.1/jq-macos-arm64"
provenance = "github-attestations"

[tools."aqua:jqlang/jq"."platforms.macos-x64"]
checksum = "sha256:e80dbe0d2a2597e3c11c404f03337b981d74b4a8504b70586c354b7697a7c27f"
url = "https://github.com/jqlang/jq/releases/download/jq-1.8.1/jq-macos-amd64"
provenance = "github-attestations"

[tools."aqua:jqlang/jq"."platforms.windows-x64"]
checksum = "sha256:23cb60a1354eed6bcc8d9b9735e8c7b388cd1fdcb75726b93bc299ef22dd9334"
url = "https://github.com/jqlang/jq/releases/download/jq-1.8.1/jq-windows-amd64.exe"
provenance = "github-attestations"

[[tools."aqua:koalaman/shellcheck"]]
version = "0.11.0"
backend = "aqua:koalaman/shellcheck"

[tools."aqua:koalaman/shellcheck"."platforms.linux-arm64"]
checksum = "sha256:12b331c1d2db6b9eb13cfca64306b1b157a86eb69db83023e261eaa7e7c14588"
url = "https://github.com/koalaman/shellcheck/releases/download/v0.11.0/shellcheck-v0.11.0.linux.aarch64.tar.xz"

[tools."aqua:koalaman/shellcheck"."platforms.linux-arm64-musl"]
checksum = "sha256:12b331c1d2db6b9eb13cfca64306b1b157a86eb69db83023e261eaa7e7c14588"
url = "https://github.com/koalaman/shellcheck/releases/download/v0.11.0/shellcheck-v0.11.0.linux.aarch64.tar.xz"

[tools."aqua:koalaman/shellcheck"."platforms.linux-x64"]
checksum = "sha256:8c3be12b05d5c177a04c29e3c78ce89ac86f1595681cab149b65b97c4e227198"
url = "https://github.com/koalaman/shellcheck/releases/download/v0.11.0/shellcheck-v0.11.0.linux.x86_64.tar.xz"

[tools."aqua:koalaman/shellcheck"."platforms.linux-x64-musl"]
checksum = "sha256:8c3be12b05d5c177a04c29e3c78ce89ac86f1595681cab149b65b97c4e227198"
url = "https://github.com/koalaman/shellcheck/releases/download/v0.11.0/shellcheck-v0.11.0.linux.x86_64.tar.xz"

[tools."aqua:koalaman/shellcheck"."platforms.macos-arm64"]
checksum = "sha256:56affdd8de5527894dca6dc3d7e0a99a873b0f004d7aabc30ae407d3f48b0a79"
url = "https://github.com/koalaman/shellcheck/releases/download/v0.11.0/shellcheck-v0.11.0.darwin.aarch64.tar.xz"

[tools."aqua:koalaman/shellcheck"."platforms.macos-x64"]
checksum = "sha256:3c89db4edcab7cf1c27bff178882e0f6f27f7afdf54e859fa041fca10febe4c6"
url = "https://github.com/koalaman/shellcheck/releases/download/v0.11.0/shellcheck-v0.11.0.darwin.x86_64.tar.xz"

[tools."aqua:koalaman/shellcheck"."platforms.windows-x64"]
checksum = "sha256:8a4e35ab0b331c85d73567b12f2a444df187f483e5079ceffa6bda1faa2e740e"
url = "https://github.com/koalaman/shellcheck/releases/download/v0.11.0/shellcheck-v0.11.0.zip"

[[tools."aqua:kubernetes-sigs/kustomize"]]
version = "5.8.1"
backend = "aqua:kubernetes-sigs/kustomize"

[tools."aqua:kubernetes-sigs/kustomize"."platforms.linux-arm64"]
checksum = "sha256:0953ea3e476f66d6ddfcd911d750f5167b9365aa9491b2326398e289fef2c142"
url = "https://github.com/kubernetes-sigs/kustomize/releases/download/kustomize/v5.8.1/kustomize_v5.8.1_linux_arm64.tar.gz"

[tools."aqua:kubernetes-sigs/kustomize"."platforms.linux-arm64-musl"]
checksum = "sha256:0953ea3e476f66d6ddfcd911d750f5167b9365aa9491b2326398e289fef2c142"
url = "https://github.com/kubernetes-sigs/kustomize/releases/download/kustomize/v5.8.1/kustomize_v5.8.1_linux_arm64.tar.gz"

[tools."aqua:kubernetes-sigs/kustomize"."platforms.linux-x64"]
checksum = "sha256:029a7f0f4e1932c52a0476cf02a0fd855c0bb85694b82c338fc648dcb53a819d"
url = "https://github.com/kubernetes-sigs/kustomize/releases/download/kustomize/v5.8.1/kustomize_v5.8.1_linux_amd64.tar.gz"

[tools."aqua:kubernetes-sigs/kustomize"."platforms.linux-x64-musl"]
checksum = "sha256:029a7f0f4e1932c52a0476cf02a0fd855c0bb85694b82c338fc648dcb53a819d"
url = "https://github.com/kubernetes-sigs/kustomize/releases/download/kustomize/v5.8.1/kustomize_v5.8.1_linux_amd64.tar.gz"

[tools."aqua:kubernetes-sigs/kustomize"."platforms.macos-arm64"]
checksum = "sha256:8886f8a78474e608cc81234f729fda188a9767da23e28925802f00ece2bab288"
url = "https://github.com/kubernetes-sigs/kustomize/releases/download/kustomize/v5.8.1/kustomize_v5.8.1_darwin_arm64.tar.gz"

[tools."aqua:kubernetes-sigs/kustomize"."platforms.macos-x64"]
checksum = "sha256:ee7cf0c1e3592aa7bb66ba82b359933a95e7f2e0b36e5f53ed0a4535b017f2f8"
url = "https://github.com/kubernetes-sigs/kustomize/releases/download/kustomize/v5.8.1/kustomize_v5.8.1_darwin_amd64.tar.gz"

[tools."aqua:kubernetes-sigs/kustomize"."platforms.windows-x64"]
checksum = "sha256:8ec7f5e815e526d4622c06df0a7793d8cfb6eb1c74f816b46166097fef8b26c6"
url = "https://github.com/kubernetes-sigs/kustomize/releases/download/kustomize/v5.8.1/kustomize_v5.8.1_windows_amd64.zip"

[[tools."aqua:kubernetes/kubernetes/kubectl"]]
version = "1.35.4"
backend = "aqua:kubernetes/kubernetes/kubectl"

[tools."aqua:kubernetes/kubernetes/kubectl"."platforms.linux-arm64"]
checksum = "sha256:6a5a4cc4e396d7626a7a693a3044b51c75520f81db30fe6816c2554e53be336f"
url = "https://dl.k8s.io/v1.35.4/bin/linux/arm64/kubectl"

[tools."aqua:kubernetes/kubernetes/kubectl"."platforms.linux-arm64-musl"]
checksum = "sha256:6a5a4cc4e396d7626a7a693a3044b51c75520f81db30fe6816c2554e53be336f"
url = "https://dl.k8s.io/v1.35.4/bin/linux/arm64/kubectl"

[tools."aqua:kubernetes/kubernetes/kubectl"."platforms.linux-x64"]
checksum = "sha256:b529430df69a688fd61b64ad2299edb5fd71cb58be2a4779dba624c7d3510efd"
url = "https://dl.k8s.io/v1.35.4/bin/linux/amd64/kubectl"

[tools."aqua:kubernetes/kubernetes/kubectl"."platforms.linux-x64-musl"]
checksum = "sha256:b529430df69a688fd61b64ad2299edb5fd71cb58be2a4779dba624c7d3510efd"
url = "https://dl.k8s.io/v1.35.4/bin/linux/amd64/kubectl"

[tools."aqua:kubernetes/kubernetes/kubectl"."platforms.macos-arm64"]
checksum = "sha256:ec644a2473b64b486987f695dfb1867963ce6d42d267b86e944585a546f92b5d"
url = "https://dl.k8s.io/v1.35.4/bin/darwin/arm64/kubectl"

[tools."aqua:kubernetes/kubernetes/kubectl"."platforms.macos-x64"]
checksum = "sha256:dddb01bddb96f78e48e33105ccfa2feedff585a8b2e3b812f5d0f64c7403710a"
url = "https://dl.k8s.io/v1.35.4/bin/darwin/amd64/kubectl"

[tools."aqua:kubernetes/kubernetes/kubectl"."platforms.windows-x64"]
checksum = "sha256:d77d03309bd80de56dafe8ca59ff6f2076e2ed4ee61c6a94657a4b6e945210e6"
url = "https://dl.k8s.io/v1.35.4/bin/windows/amd64/kubectl.exe"

[[tools."aqua:mikefarah/yq"]]
version = "4.53.2"
backend = "aqua:mikefarah/yq"

[tools."aqua:mikefarah/yq"."platforms.linux-arm64"]
checksum = "sha256:03061b2a50c7a498de2bbb92d7cb078ce433011f085a4994117c2726be4106ea"
url = "https://github.com/mikefarah/yq/releases/download/v4.53.2/yq_linux_arm64"

[tools."aqua:mikefarah/yq"."platforms.linux-arm64-musl"]
checksum = "sha256:03061b2a50c7a498de2bbb92d7cb078ce433011f085a4994117c2726be4106ea"
url = "https://github.com/mikefarah/yq/releases/download/v4.53.2/yq_linux_arm64"

[tools."aqua:mikefarah/yq"."platforms.linux-x64"]
checksum = "sha256:d56bf5c6819e8e696340c312bd70f849dc1678a7cda9c2ad63eebd906371d56b"
url = "https://github.com/mikefarah/yq/releases/download/v4.53.2/yq_linux_amd64"

[tools."aqua:mikefarah/yq"."platforms.linux-x64-musl"]
checksum = "sha256:d56bf5c6819e8e696340c312bd70f849dc1678a7cda9c2ad63eebd906371d56b"
url = "https://github.com/mikefarah/yq/releases/download/v4.53.2/yq_linux_amd64"

[tools."aqua:mikefarah/yq"."platforms.macos-arm64"]
checksum = "sha256:541ba2287560df70f561955e2d7f7e1cd00cf2a15a884f6b5c87a4bfa887bc07"
url = "https://github.com/mikefarah/yq/releases/download/v4.53.2/yq_darwin_arm64"

[tools."aqua:mikefarah/yq"."platforms.macos-x64"]
checksum = "sha256:616b0a0f6a5b79d746f05a169c2b9bb40dee00c605ef165b9a1c1681bba738ac"
url = "https://github.com/mikefarah/yq/releases/download/v4.53.2/yq_darwin_amd64"

[tools."aqua:mikefarah/yq"."platforms.windows-x64"]
checksum = "sha256:2aee32f1de46a20672f48c25df3018839798bd509143f2ce05fdab1550ff5592"
url = "https://github.com/mikefarah/yq/releases/download/v4.53.2/yq_windows_amd64.exe"

[[tools."aqua:mitsuhiko/minijinja"]]
version = "2.19.0"
backend = "aqua:mitsuhiko/minijinja"

[tools."aqua:mitsuhiko/minijinja"."platforms.linux-arm64"]
checksum = "sha256:1845c8f009bca6744b7466b531a57512c7cc1e8ceec33cf05ec0a3478c5d3cb0"
url = "https://github.com/mitsuhiko/minijinja/releases/download/2.19.0/minijinja-cli-aarch64-unknown-linux-musl.tar.xz"

[tools."aqua:mitsuhiko/minijinja"."platforms.linux-arm64-musl"]
checksum = "sha256:1845c8f009bca6744b7466b531a57512c7cc1e8ceec33cf05ec0a3478c5d3cb0"
url = "https://github.com/mitsuhiko/minijinja/releases/download/2.19.0/minijinja-cli-aarch64-unknown-linux-musl.tar.xz"

[tools."aqua:mitsuhiko/minijinja"."platforms.linux-x64"]
checksum = "sha256:bac26222383901278bb5a103a8ddaf6d99c307afc43f15c9b749568f321a15d0"
url = "https://github.com/mitsuhiko/minijinja/releases/download/2.19.0/minijinja-cli-x86_64-unknown-linux-musl.tar.xz"

[tools."aqua:mitsuhiko/minijinja"."platforms.linux-x64-musl"]
checksum = "sha256:bac26222383901278bb5a103a8ddaf6d99c307afc43f15c9b749568f321a15d0"
url = "https://github.com/mitsuhiko/minijinja/releases/download/2.19.0/minijinja-cli-x86_64-unknown-linux-musl.tar.xz"

[tools."aqua:mitsuhiko/minijinja"."platforms.macos-arm64"]
checksum = "sha256:a9f8ae4268a1382a834b0fdc879590288354303b9217c9a24c971388385387e9"
url = "https://github.com/mitsuhiko/minijinja/releases/download/2.19.0/minijinja-cli-aarch64-apple-darwin.tar.xz"

[tools."aqua:mitsuhiko/minijinja"."platforms.macos-x64"]
checksum = "sha256:295d1360177604138de37855ed70c58b56e33611726db37681893b02b23ca2f3"
url = "https://github.com/mitsuhiko/minijinja/releases/download/2.19.0/minijinja-cli-x86_64-apple-darwin.tar.xz"

[tools."aqua:mitsuhiko/minijinja"."platforms.windows-x64"]
checksum = "sha256:08709233d20d73878a6c99d8de4523302fe45f28cc6e486c697dd75af4ba8503"
url = "https://github.com/mitsuhiko/minijinja/releases/download/2.19.0/minijinja-cli-x86_64-pc-windows-msvc.zip"

[[tools."aqua:siderolabs/talos"]]
version = "1.12.7"
backend = "aqua:siderolabs/talos"

[tools."aqua:siderolabs/talos"."platforms.linux-arm64"]
checksum = "sha256:30d44c80a7d49ffb61f9b4558859e5b209dee3ae24f4e3261b2d8f233f9c0902"
url = "https://github.com/siderolabs/talos/releases/download/v1.12.7/talosctl-linux-arm64"
provenance = "cosign"

[tools."aqua:siderolabs/talos"."platforms.linux-arm64-musl"]
checksum = "sha256:30d44c80a7d49ffb61f9b4558859e5b209dee3ae24f4e3261b2d8f233f9c0902"
url = "https://github.com/siderolabs/talos/releases/download/v1.12.7/talosctl-linux-arm64"
provenance = "cosign"

[tools."aqua:siderolabs/talos"."platforms.linux-x64"]
checksum = "sha256:9f2626b4755cbd72401cacdf1812878ae6d738b8355c9e8d3600ecebb39a02ca"
url = "https://github.com/siderolabs/talos/releases/download/v1.12.7/talosctl-linux-amd64"
provenance = "cosign"

[tools."aqua:siderolabs/talos"."platforms.linux-x64-musl"]
checksum = "sha256:9f2626b4755cbd72401cacdf1812878ae6d738b8355c9e8d3600ecebb39a02ca"
url = "https://github.com/siderolabs/talos/releases/download/v1.12.7/talosctl-linux-amd64"
provenance = "cosign"

[tools."aqua:siderolabs/talos"."platforms.macos-arm64"]
checksum = "sha256:b7ad9ae88eac5a5fc2df1d9428c49e9ea306f5e01710e803aa32a0d7085f7c94"
url = "https://github.com/siderolabs/talos/releases/download/v1.12.7/talosctl-darwin-arm64"
provenance = "cosign"

[tools."aqua:siderolabs/talos"."platforms.macos-x64"]
checksum = "sha256:2f6d8e3a639875c6dbf39f1c7e59d7d100a0118c25e0b7d1cc0dd98d7243fcff"
url = "https://github.com/siderolabs/talos/releases/download/v1.12.7/talosctl-darwin-amd64"
provenance = "cosign"

[tools."aqua:siderolabs/talos"."platforms.windows-x64"]
checksum = "sha256:bff16f9e4feb87b6cab60805888ab7955758eadf19e474d3d5cd3ca402e1b62c"
url = "https://github.com/siderolabs/talos/releases/download/v1.12.7/talosctl-windows-amd64.exe"
provenance = "cosign"

[[tools."aqua:zizmorcore/zizmor"]]
version = "1.25.2"
backend = "aqua:zizmorcore/zizmor"

[tools."aqua:zizmorcore/zizmor"."platforms.linux-arm64"]
checksum = "sha256:4b4b9491112c2a09b318101c0d3349b73af1c4f532e097dd6d0164f2abda760d"
url = "https://github.com/zizmorcore/zizmor/releases/download/v1.25.2/zizmor-aarch64-unknown-linux-gnu.tar.gz"
provenance = "github-attestations"

[tools."aqua:zizmorcore/zizmor"."platforms.linux-arm64-musl"]
provenance = "github-attestations"

[tools."aqua:zizmorcore/zizmor"."platforms.linux-x64"]
checksum = "sha256:aa1facd105f0d83fe5c55b1adcd9d7417de5d83aa27471f91dc0b66cf3803577"
url = "https://github.com/zizmorcore/zizmor/releases/download/v1.25.2/zizmor-x86_64-unknown-linux-gnu.tar.gz"
provenance = "github-attestations"

[tools."aqua:zizmorcore/zizmor"."platforms.linux-x64-musl"]
provenance = "github-attestations"

[tools."aqua:zizmorcore/zizmor"."platforms.macos-arm64"]
checksum = "sha256:624ef0e09521aecd862126be0f6d7754669af2646750d68ac48a114be33c3146"
url = "https://github.com/zizmorcore/zizmor/releases/download/v1.25.2/zizmor-aarch64-apple-darwin.tar.gz"
provenance = "github-attestations"

[tools."aqua:zizmorcore/zizmor"."platforms.macos-x64"]
checksum = "sha256:353271b9ec301dd4ba158af481323c831c6e9b494d5ac3f5aa58cf4b207699cc"
url = "https://github.com/zizmorcore/zizmor/releases/download/v1.25.2/zizmor-x86_64-apple-darwin.tar.gz"
provenance = "github-attestations"

[tools."aqua:zizmorcore/zizmor"."platforms.windows-x64"]
checksum = "sha256:65d46a8144f701200621b580f632076d80d082d60856de9f88793a95fb5882d7"
url = "https://github.com/zizmorcore/zizmor/releases/download/v1.25.2/zizmor-x86_64-pc-windows-msvc.zip"
provenance = "github-attestations"

[[tools."npm:oxfmt"]]
version = "0.52.0"
backend = "npm:oxfmt"
